
Microsoft Visual Studio Solution File, Format Version 12.00
# Visual Studio Version 16
VisualStudioVersion = 16.0.30413.136
MinimumVisualStudioVersion = 10.0.40219.1
Project("{FAE04EC0-301F-11D3-BF4B-00C04F79EFBC}") = "CodeAlong", "CodeAlong\CodeAlong.csproj", "{D6CE7ADB-28E3-45D4-B824-7ADFFF865A33}"
EndProject
Global
	GlobalSection(SolutionConfigurationPlatforms) = preSolution
		Debug|Any CPU = Debug|Any CPU
		Release|Any CPU = Release|Any CPU
	EndGlobalSection
	GlobalSection(ProjectConfigurationPlatforms) = postSolution
		{D6CE7ADB-28E3-45D4-B824-7ADFFF865A33}.Debug|Any CPU.ActiveCfg = Debug|Any CPU
		{D6CE7ADB-28E3-45D4-B824-7ADFFF865A33}.Debug|Any CPU.Build.0 = Debug|Any CPU
		{D6CE7ADB-28E3-45D4-B824-7ADFFF865A33}.Release|Any CPU.ActiveCfg = Release|Any CPU
		{D6CE7ADB-28E3-45D4-B824-7ADFFF865A33}.Release|Any CPU.Build.0 = Release|Any CPU
	EndGlobalSection
	GlobalSection(SolutionProperties) = preSolution
		HideSolutionNode = FALSE
	EndGlobalSection
	GlobalSection(ExtensibilityGlobals) = postSolution
		SolutionGuid = {CF4DC1A8-D9F1-4D29-86DB-2010ECA604A1}
	EndGlobalSection
EndGlobal
