
Microsoft Visual Studio Solution File, Format Version 12.00
# Visual Studio Version 16
VisualStudioVersion = 16.0.30413.136
MinimumVisualStudioVersion = 10.0.40219.1
Project("{FAE04EC0-301F-11D3-BF4B-00C04F79EFBC}") = "Bibliotek", "Bibliotek\Bibliotek.csproj", "{61A892AB-7159-4E89-9A5F-79BB87B66707}"
EndProject
Global
	GlobalSection(SolutionConfigurationPlatforms) = preSolution
		Debug|Any CPU = Debug|Any CPU
		Release|Any CPU = Release|Any CPU
	EndGlobalSection
	GlobalSection(ProjectConfigurationPlatforms) = postSolution
		{61A892AB-7159-4E89-9A5F-79BB87B66707}.Debug|Any CPU.ActiveCfg = Debug|Any CPU
		{61A892AB-7159-4E89-9A5F-79BB87B66707}.Debug|Any CPU.Build.0 = Debug|Any CPU
		{61A892AB-7159-4E89-9A5F-79BB87B66707}.Release|Any CPU.ActiveCfg = Release|Any CPU
		{61A892AB-7159-4E89-9A5F-79BB87B66707}.Release|Any CPU.Build.0 = Release|Any CPU
	EndGlobalSection
	GlobalSection(SolutionProperties) = preSolution
		HideSolutionNode = FALSE
	EndGlobalSection
	GlobalSection(ExtensibilityGlobals) = postSolution
		SolutionGuid = {871D9CC5-07CC-48E4-B196-514977AD032E}
	EndGlobalSection
EndGlobal
